// !$*UTF8*$!
{
	archiveVersion = 1;
	classes = {
	};
	objectVersion = 77;
	objects = {

/* Begin PBXContainerItemProxy section */
		42A9F1AF2D74FBC500071B05 /* PBXContainerItemProxy */ = {
			isa = PBXContainerItemProxy;
			containerPortal = 42A9F1902D74FBC300071B05 /* Project object */;
			proxyType = 1;
			remoteGlobalIDString = 42A9F1972D74FBC300071B05;
			remoteInfo = AppetiserCodeChallenge;
		};
		42A9F1B92D74FBC500071B05 /* PBXContainerItemProxy */ = {
			isa = PBXContainerItemProxy;
			containerPortal = 42A9F1902D74FBC300071B05 /* Project object */;
			proxyType = 1;
			remoteGlobalIDString = 42A9F1972D74FBC300071B05;
			remoteInfo = AppetiserCodeChallenge;
		};
/* End PBXContainerItemProxy section */

/* Begin PBXFileReference section */
		42A9F1982D74FBC300071B05 /* AppetiserCodeChallenge.app */ = {isa = PBXFileReference; explicitFileType = wrapper.application; includeInIndex = 0; path = AppetiserCodeChallenge.app; sourceTree = BUILT_PRODUCTS_DIR; };
		42A9F1AE2D74FBC500071B05 /* AppetiserCodeChallengeTests.xctest */ = {isa = PBXFileReference; explicitFileType = wrapper.cfbundle; includeInIndex = 0; path = AppetiserCodeChallengeTests.xctest; sourceTree = BUILT_PRODUCTS_DIR; };
		42A9F1B82D74FBC500071B05 /* AppetiserCodeChallengeUITests.xctest */ = {isa = PBXFileReference; explicitFileType = wrapper.cfbundle; includeInIndex = 0; path = AppetiserCodeChallengeUITests.xctest; sourceTree = BUILT_PRODUCTS_DIR; };
/* End PBXFileReference section */

/* Begin PBXFileSystemSynchronizedBuildFileExceptionSet section */
		42A9F1C02D74FBC500071B05 /* Exceptions for "AppetiserCodeChallenge" folder in "AppetiserCodeChallenge" target */ = {
			isa = PBXFileSystemSynchronizedBuildFileExceptionSet;
			membershipExceptions = (
				Info.plist,
			);
			target = 42A9F1972D74FBC300071B05 /* AppetiserCodeChallenge */;
		};
/* End PBXFileSystemSynchronizedBuildFileExceptionSet section */

/* Begin PBXFileSystemSynchronizedRootGroup section */
		42A9F19A2D74FBC300071B05 /* AppetiserCodeChallenge */ = {
			isa = PBXFileSystemSynchronizedRootGroup;
			exceptions = (
				42A9F1C02D74FBC500071B05 /* Exceptions for "AppetiserCodeChallenge" folder in "AppetiserCodeChallenge" target */,
			);
			path = AppetiserCodeChallenge;
			sourceTree = "<group>";
		};
		42A9F1B12D74FBC500071B05 /* AppetiserCodeChallengeTests */ = {
			isa = PBXFileSystemSynchronizedRootGroup;
			path = AppetiserCodeChallengeTests;
			sourceTree = "<group>";
		};
		42A9F1BB2D74FBC500071B05 /* AppetiserCodeChallengeUITests */ = {
			isa = PBXFileSystemSynchronizedRootGroup;
			path = AppetiserCodeChallengeUITests;
			sourceTree = "<group>";
		};
/* End PBXFileSystemSynchronizedRootGroup section */

/* Begin PBXFrameworksBuildPhase section */
		42A9F1952D74FBC300071B05 /* Frameworks */ = {
			isa = PBXFrameworksBuildPhase;
			buildActionMask = 2147483647;
			files = (
			);
			runOnlyForDeploymentPostprocessing = 0;
		};
		42A9F1AB2D74FBC500071B05 /* Frameworks */ = {
			isa = PBXFrameworksBuildPhase;
			buildActionMask = 2147483647;
			files = (
			);
			runOnlyForDeploymentPostprocessing = 0;
		};
		42A9F1B52D74FBC500071B05 /* Frameworks */ = {
			isa = PBXFrameworksBuildPhase;
			buildActionMask = 2147483647;
			files = (
			);
			runOnlyForDeploymentPostprocessing = 0;
		};
/* End PBXFrameworksBuildPhase section */

/* Begin PBXGroup section */
		42A9F18F2D74FBC300071B05 = {
			isa = PBXGroup;
			children = (
				42A9F19A2D74FBC300071B05 /* AppetiserCodeChallenge */,
				42A9F1B12D74FBC500071B05 /* AppetiserCodeChallengeTests */,
				42A9F1BB2D74FBC500071B05 /* AppetiserCodeChallengeUITests */,
				42A9F1992D74FBC300071B05 /* Products */,
			);
			sourceTree = "<group>";
		};
		42A9F1992D74FBC300071B05 /* Products */ = {
			isa = PBXGroup;
			children = (
				42A9F1982D74FBC300071B05 /* AppetiserCodeChallenge.app */,
				42A9F1AE2D74FBC500071B05 /* AppetiserCodeChallengeTests.xctest */,
				42A9F1B82D74FBC500071B05 /* AppetiserCodeChallengeUITests.xctest */,
			);
			name = Products;
			sourceTree = "<group>";
		};
/* End PBXGroup section */

/* Begin PBXNativeTarget section */
		42A9F1972D74FBC300071B05 /* AppetiserCodeChallenge */ = {
			isa = PBXNativeTarget;
			buildConfigurationList = 42A9F1C12D74FBC500071B05 /* Build configuration list for PBXNativeTarget "AppetiserCodeChallenge" */;
			buildPhases = (
				42A9F1942D74FBC300071B05 /* Sources */,
				42A9F1952D74FBC300071B05 /* Frameworks */,
				42A9F1962D74FBC300071B05 /* Resources */,
			);
			buildRules = (
			);
			dependencies = (
			);
			fileSystemSynchronizedGroups = (
				42A9F19A2D74FBC300071B05 /* AppetiserCodeChallenge */,
			);
			name = AppetiserCodeChallenge;
			packageProductDependencies = (
			);
			productName = AppetiserCodeChallenge;
			productReference = 42A9F1982D74FBC300071B05 /* AppetiserCodeChallenge.app */;
			productType = "com.apple.product-type.application";
		};
		42A9F1AD2D74FBC500071B05 /* AppetiserCodeChallengeTests */ = {
			isa = PBXNativeTarget;
			buildConfigurationList = 42A9F1C62D74FBC500071B05 /* Build configuration list for PBXNativeTarget "AppetiserCodeChallengeTests" */;
			buildPhases = (
				42A9F1AA2D74FBC500071B05 /* Sources */,
				42A9F1AB2D74FBC500071B05 /* Frameworks */,
				42A9F1AC2D74FBC500071B05 /* Resources */,
			);
			buildRules = (
			);
			dependencies = (
				42A9F1B02D74FBC500071B05 /* PBXTargetDependency */,
			);
			fileSystemSynchronizedGroups = (
				42A9F1B12D74FBC500071B05 /* AppetiserCodeChallengeTests */,
			);
			name = AppetiserCodeChallengeTests;
			packageProductDependencies = (
			);
			productName = AppetiserCodeChallengeTests;
			productReference = 42A9F1AE2D74FBC500071B05 /* AppetiserCodeChallengeTests.xctest */;
			productType = "com.apple.product-type.bundle.unit-test";
		};
		42A9F1B72D74FBC500071B05 /* AppetiserCodeChallengeUITests */ = {
			isa = PBXNativeTarget;
			buildConfigurationList = 42A9F1C92D74FBC500071B05 /* Build configuration list for PBXNativeTarget "AppetiserCodeChallengeUITests" */;
			buildPhases = (
				42A9F1B42D74FBC500071B05 /* Sources */,
				42A9F1B52D74FBC500071B05 /* Frameworks */,
				42A9F1B62D74FBC500071B05 /* Resources */,
			);
			buildRules = (
			);
			dependencies = (
				42A9F1BA2D74FBC500071B05 /* PBXTargetDependency */,
			);
			fileSystemSynchronizedGroups = (
				42A9F1BB2D74FBC500071B05 /* AppetiserCodeChallengeUITests */,
			);
			name = AppetiserCodeChallengeUITests;
			packageProductDependencies = (
			);
			productName = AppetiserCodeChallengeUITests;
			productReference = 42A9F1B82D74FBC500071B05 /* AppetiserCodeChallengeUITests.xctest */;
			productType = "com.apple.product-type.bundle.ui-testing";
		};
/* End PBXNativeTarget section */

/* Begin PBXProject section */
		42A9F1902D74FBC300071B05 /* Project object */ = {
			isa = PBXProject;
			attributes = {
				BuildIndependentTargetsInParallel = 1;
				LastSwiftUpdateCheck = 1620;
				LastUpgradeCheck = 1620;
				TargetAttributes = {
					42A9F1972D74FBC300071B05 = {
						CreatedOnToolsVersion = 16.2;
					};
					42A9F1AD2D74FBC500071B05 = {
						CreatedOnToolsVersion = 16.2;
						TestTargetID = 42A9F1972D74FBC300071B05;
					};
					42A9F1B72D74FBC500071B05 = {
						CreatedOnToolsVersion = 16.2;
						TestTargetID = 42A9F1972D74FBC300071B05;
					};
				};
			};
			buildConfigurationList = 42A9F1932D74FBC300071B05 /* Build configuration list for PBXProject "AppetiserCodeChallenge" */;
			developmentRegion = en;
			hasScannedForEncodings = 0;
			knownRegions = (
				en,
				Base,
			);
			mainGroup = 42A9F18F2D74FBC300071B05;
			minimizedProjectReferenceProxies = 1;
			preferredProjectObjectVersion = 77;
			productRefGroup = 42A9F1992D74FBC300071B05 /* Products */;
			projectDirPath = "";
			projectRoot = "";
			targets = (
				42A9F1972D74FBC300071B05 /* AppetiserCodeChallenge */,
				42A9F1AD2D74FBC500071B05 /* AppetiserCodeChallengeTests */,
				42A9F1B72D74FBC500071B05 /* AppetiserCodeChallengeUITests */,
			);
		};
/* End PBXProject section */

/* Begin PBXResourcesBuildPhase section */
		42A9F1962D74FBC300071B05 /* Resources */ = {
			isa = PBXResourcesBuildPhase;
			buildActionMask = 2147483647;
			files = (
			);
			runOnlyForDeploymentPostprocessing = 0;
		};
		42A9F1AC2D74FBC500071B05 /* Resources */ = {
			isa = PBXResourcesBuildPhase;
			buildActionMask = 2147483647;
			files = (
			);
			runOnlyForDeploymentPostprocessing = 0;
		};
		42A9F1B62D74FBC500071B05 /* Resources */ = {
			isa = PBXResourcesBuildPhase;
			buildActionMask = 2147483647;
			files = (
			);
			runOnlyForDeploymentPostprocessing = 0;
		};
/* End PBXResourcesBuildPhase section */

/* Begin PBXSourcesBuildPhase section */
		42A9F1942D74FBC300071B05 /* Sources */ = {
			isa = PBXSourcesBuildPhase;
			buildActionMask = 2147483647;
			files = (
			);
			runOnlyForDeploymentPostprocessing = 0;
		};
		42A9F1AA2D74FBC500071B05 /* Sources */ = {
			isa = PBXSourcesBuildPhase;
			buildActionMask = 2147483647;
			files = (
			);
			runOnlyForDeploymentPostprocessing = 0;
		};
		42A9F1B42D74FBC500071B05 /* Sources */ = {
			isa = PBXSourcesBuildPhase;
			buildActionMask = 2147483647;
			files = (
			);
			runOnlyForDeploymentPostprocessing = 0;
		};
/* End PBXSourcesBuildPhase section */

/* Begin PBXTargetDependency section */
		42A9F1B02D74FBC500071B05 /* PBXTargetDependency */ = {
			isa = PBXTargetDependency;
			target = 42A9F1972D74FBC300071B05 /* AppetiserCodeChallenge */;
			targetProxy = 42A9F1AF2D74FBC500071B05 /* PBXContainerItemProxy */;
		};
		42A9F1BA2D74FBC500071B05 /* PBXTargetDependency */ = {
			isa = PBXTargetDependency;
			target = 42A9F1972D74FBC300071B05 /* AppetiserCodeChallenge */;
			targetProxy = 42A9F1B92D74FBC500071B05 /* PBXContainerItemProxy */;
		};
/* End PBXTargetDependency section */

/* Begin XCBuildConfiguration section */
		42A9F1C22D74FBC500071B05 /* Debug */ = {
			isa = XCBuildConfiguration;
			buildSettings = {
				ASSETCATALOG_COMPILER_APPICON_NAME = AppIcon;
				ASSETCATALOG_COMPILER_GLOBAL_ACCENT_COLOR_NAME = AccentColor;
				CODE_SIGN_STYLE = Automatic;
				CURRENT_PROJECT_VERSION = 1;
				DEVELOPMENT_TEAM = 445B9A8663;
				GENERATE_INFOPLIST_FILE = YES;
				INFOPLIST_FILE = AppetiserCodeChallenge/Info.plist;
				INFOPLIST_KEY_UIApplicationSupportsIndirectInputEvents = YES;
				INFOPLIST_KEY_UILaunchStoryboardName = LaunchScreen;
				INFOPLIST_KEY_UIMainStoryboardFile = Main;
				INFOPLIST_KEY_UISupportedInterfaceOrientations_iPad = "UIInterfaceOrientationPortrait UIInterfaceOrientationPortraitUpsideDown UIInterfaceOrientationLandscapeLeft UIInterfaceOrientationLandscapeRight";
				INFOPLIST_KEY_UISupportedInterfaceOrientations_iPhone = "UIInterfaceOrientationPortrait UIInterfaceOrientationLandscapeLeft UIInterfaceOrientationLandscapeRight";
				LD_RUNPATH_SEARCH_PATHS = (
					"$(inherited)",
					"@executable_path/Frameworks",
				);
				MARKETING_VERSION = 1.0;
				PRODUCT_BUNDLE_IDENTIFIER = com.appetiser.codechallenge.AppetiserCodeChallenge;
				PRODUCT_NAME = "$(TARGET_NAME)";
				SWIFT_EMIT_LOC_STRINGS = YES;
				SWIFT_VERSION = 5.0;
				TARGETED_DEVICE_FAMILY = "1,2";
			};
			name = Debug;
		};
		42A9F1C32D74FBC500071B05 /* Release */ = {
			isa = XCBuildConfiguration;
			buildSettings = {
				ASSETCATALOG_COMPILER_APPICON_NAME = AppIcon;
				ASSETCATALOG_COMPILER_GLOBAL_ACCENT_COLOR_NAME = AccentColor;
				CODE_SIGN_STYLE = Automatic;
				CURRENT_PROJECT_VERSION = 1;
				DEVELOPMENT_TEAM = 445B9A8663;
				GENERATE_INFOPLIST_FILE = YES;
				INFOPLIST_FILE = AppetiserCodeChallenge/Info.plist;
				INFOPLIST_KEY_UIApplicationSupportsIndirectInputEvents = YES;
				INFOPLIST_KEY_UILaunchStoryboardName = LaunchScreen;
				INFOPLIST_KEY_UIMainStoryboardFile = Main;
				INFOPLIST_KEY_UISupportedInterfaceOrientations_iPad = "UIInterfaceOrientationPortrait UIInterfaceOrientationPortraitUpsideDown UIInterfaceOrientationLandscapeLeft UIInterfaceOrientationLandscapeRight";
				INFOPLIST_KEY_UISupportedInterfaceOrientations_iPhone = "UIInterfaceOrientationPortrait UIInterfaceOrientationLandscapeLeft UIInterfaceOrientationLandscapeRight";
				LD_RUNPATH_SEARCH_PATHS = (
					"$(inherited)",
					"@executable_path/Frameworks",
				);
				MARKETING_VERSION = 1.0;
				PRODUCT_BUNDLE_IDENTIFIER = com.appetiser.codechallenge.AppetiserCodeChallenge;
				PRODUCT_NAME = "$(TARGET_NAME)";
				SWIFT_EMIT_LOC_STRINGS = YES;
				SWIFT_VERSION = 5.0;
				TARGETED_DEVICE_FAMILY = "1,2";
			};
			name = Release;
		};
		42A9F1C42D74FBC500071B05 /* Debug */ = {
			isa = XCBuildConfiguration;
			buildSettings = {
				ALWAYS_SEARCH_USER_PATHS = NO;
				ASSETCATALOG_COMPILER_GENERATE_SWIFT_ASSET_SYMBOL_EXTENSIONS = YES;
				CLANG_ANALYZER_NONNULL = YES;
				CLANG_ANALYZER_NUMBER_OBJECT_CONVERSION = YES_AGGRESSIVE;
				CLANG_CXX_LANGUAGE_STANDARD = "gnu++20";
				CLANG_ENABLE_MODULES = YES;
				CLANG_ENABLE_OBJC_ARC = YES;
				CLANG_ENABLE_OBJC_WEAK = YES;
				CLANG_WARN_BLOCK_CAPTURE_AUTORELEASING = YES;
				CLANG_WARN_BOOL_CONVERSION = YES;
				CLANG_WARN_COMMA = YES;
				CLANG_WARN_CONSTANT_CONVERSION = YES;
				CLANG_WARN_DEPRECATED_OBJC_IMPLEMENTATIONS = YES;
				CLANG_WARN_DIRECT_OBJC_ISA_USAGE = YES_ERROR;
				CLANG_WARN_DOCUMENTATION_COMMENTS = YES;
				CLANG_WARN_EMPTY_BODY = YES;
				CLANG_WARN_ENUM_CONVERSION = YES;
				CLANG_WARN_INFINITE_RECURSION = YES;
				CLANG_WARN_INT_CONVERSION = YES;
				CLANG_WARN_NON_LITERAL_NULL_CONVERSION = YES;
				CLANG_WARN_OBJC_IMPLICIT_RETAIN_SELF = YES;
				CLANG_WARN_OBJC_LITERAL_CONVERSION = YES;
				CLANG_WARN_OBJC_ROOT_CLASS = YES_ERROR;
				CLANG_WARN_QUOTED_INCLUDE_IN_FRAMEWORK_HEADER = YES;
				CLANG_WARN_RANGE_LOOP_ANALYSIS = YES;
				CLANG_WARN_STRICT_PROTOTYPES = YES;
				CLANG_WARN_SUSPICIOUS_MOVE = YES;
				CLANG_WARN_UNGUARDED_AVAILABILITY = YES_AGGRESSIVE;
				CLANG_WARN_UNREACHABLE_CODE = YES;
				CLANG_WARN__DUPLICATE_METHOD_MATCH = YES;
				COPY_PHASE_STRIP = NO;
				DEBUG_INFORMATION_FORMAT = dwarf;
				ENABLE_STRICT_OBJC_MSGSEND = YES;
				ENABLE_TESTABILITY = YES;
				ENABLE_USER_SCRIPT_SANDBOXING = YES;
				GCC_C_LANGUAGE_STANDARD = gnu17;
				GCC_DYNAMIC_NO_PIC = NO;
				GCC_NO_COMMON_BLOCKS = YES;
				GCC_OPTIMIZATION_LEVEL = 0;
				GCC_PREPROCESSOR_DEFINITIONS = (
					"DEBUG=1",
					"$(inherited)",
				);
				GCC_WARN_64_TO_32_BIT_CONVERSION = YES;
				GCC_WARN_ABOUT_RETURN_TYPE = YES_ERROR;
				GCC_WARN_UNDECLARED_SELECTOR = YES;
				GCC_WARN_UNINITIALIZED_AUTOS = YES_AGGRESSIVE;
				GCC_WARN_UNUSED_FUNCTION = YES;
				GCC_WARN_UNUSED_VARIABLE = YES;
				IPHONEOS_DEPLOYMENT_TARGET = 18.2;
				LOCALIZATION_PREFERS_STRING_CATALOGS = YES;
				MTL_ENABLE_DEBUG_INFO = INCLUDE_SOURCE;
				MTL_FAST_MATH = YES;
				ONLY_ACTIVE_ARCH = YES;
				SDKROOT = iphoneos;
				SWIFT_ACTIVE_COMPILATION_CONDITIONS = "DEBUG $(inherited)";
				SWIFT_OPTIMIZATION_LEVEL = "-Onone";
			};
			name = Debug;
		};
		42A9F1C52D74FBC500071B05 /* Release */ = {
			isa = XCBuildConfiguration;
			buildSettings = {
				ALWAYS_SEARCH_USER_PATHS = NO;
				ASSETCATALOG_COMPILER_GENERATE_SWIFT_ASSET_SYMBOL_EXTENSIONS = YES;
				CLANG_ANALYZER_NONNULL = YES;
				CLANG_ANALYZER_NUMBER_OBJECT_CONVERSION = YES_AGGRESSIVE;
				CLANG_CXX_LANGUAGE_STANDARD = "gnu++20";
				CLANG_ENABLE_MODULES = YES;
				CLANG_ENABLE_OBJC_ARC = YES;
				CLANG_ENABLE_OBJC_WEAK = YES;
				CLANG_WARN_BLOCK_CAPTURE_AUTORELEASING = YES;
				CLANG_WARN_BOOL_CONVERSION = YES;
				CLANG_WARN_COMMA = YES;
				CLANG_WARN_CONSTANT_CONVERSION = YES;
				CLANG_WARN_DEPRECATED_OBJC_IMPLEMENTATIONS = YES;
				CLANG_WARN_DIRECT_OBJC_ISA_USAGE = YES_ERROR;
				CLANG_WARN_DOCUMENTATION_COMMENTS = YES;
				CLANG_WARN_EMPTY_BODY = YES;
				CLANG_WARN_ENUM_CONVERSION = YES;
				CLANG_WARN_INFINITE_RECURSION = YES;
				CLANG_WARN_INT_CONVERSION = YES;
				CLANG_WARN_NON_LITERAL_NULL_CONVERSION = YES;
				CLANG_WARN_OBJC_IMPLICIT_RETAIN_SELF = YES;
				CLANG_WARN_OBJC_LITERAL_CONVERSION = YES;
				CLANG_WARN_OBJC_ROOT_CLASS = YES_ERROR;
				CLANG_WARN_QUOTED_INCLUDE_IN_FRAMEWORK_HEADER = YES;
				CLANG_WARN_RANGE_LOOP_ANALYSIS = YES;
				CLANG_WARN_STRICT_PROTOTYPES = YES;
				CLANG_WARN_SUSPICIOUS_MOVE = YES;
				CLANG_WARN_UNGUARDED_AVAILABILITY = YES_AGGRESSIVE;
				CLANG_WARN_UNREACHABLE_CODE = YES;
				CLANG_WARN__DUPLICATE_METHOD_MATCH = YES;
				COPY_PHASE_STRIP = NO;
				DEBUG_INFORMATION_FORMAT = "dwarf-with-dsym";
				ENABLE_NS_ASSERTIONS = NO;
				ENABLE_STRICT_OBJC_MSGSEND = YES;
				ENABLE_USER_SCRIPT_SANDBOXING = YES;
				GCC_C_LANGUAGE_STANDARD = gnu17;
				GCC_NO_COMMON_BLOCKS = YES;
				GCC_WARN_64_TO_32_BIT_CONVERSION = YES;
				GCC_WARN_ABOUT_RETURN_TYPE = YES_ERROR;
				GCC_WARN_UNDECLARED_SELECTOR = YES;
				GCC_WARN_UNINITIALIZED_AUTOS = YES_AGGRESSIVE;
				GCC_WARN_UNUSED_FUNCTION = YES;
				GCC_WARN_UNUSED_VARIABLE = YES;
				IPHONEOS_DEPLOYMENT_TARGET = 18.2;
				LOCALIZATION_PREFERS_STRING_CATALOGS = YES;
				MTL_ENABLE_DEBUG_INFO = NO;
				MTL_FAST_MATH = YES;
				SDKROOT = iphoneos;
				SWIFT_COMPILATION_MODE = wholemodule;
				VALIDATE_PRODUCT = YES;
			};
			name = Release;
		};
		42A9F1C72D74FBC500071B05 /* Debug */ = {
			isa = XCBuildConfiguration;
			buildSettings = {
				BUNDLE_LOADER = "$(TEST_HOST)";
				CODE_SIGN_STYLE = Automatic;
				CURRENT_PROJECT_VERSION = 1;
				DEVELOPMENT_TEAM = 445B9A8663;
				GENERATE_INFOPLIST_FILE = YES;
				IPHONEOS_DEPLOYMENT_TARGET = 18.2;
				MARKETING_VERSION = 1.0;
				PRODUCT_BUNDLE_IDENTIFIER = com.appetiser.codechallenge.AppetiserCodeChallengeTests;
				PRODUCT_NAME = "$(TARGET_NAME)";
				SWIFT_EMIT_LOC_STRINGS = NO;
				SWIFT_VERSION = 5.0;
				TARGETED_DEVICE_FAMILY = "1,2";
				TEST_HOST = "$(BUILT_PRODUCTS_DIR)/AppetiserCodeChallenge.app/$(BUNDLE_EXECUTABLE_FOLDER_PATH)/AppetiserCodeChallenge";
			};
			name = Debug;
		};
		42A9F1C82D74FBC500071B05 /* Release */ = {
			isa = XCBuildConfiguration;
			buildSettings = {
				BUNDLE_LOADER = "$(TEST_HOST)";
				CODE_SIGN_STYLE = Automatic;
				CURRENT_PROJECT_VERSION = 1;
				DEVELOPMENT_TEAM = 445B9A8663;
				GENERATE_INFOPLIST_FILE = YES;
				IPHONEOS_DEPLOYMENT_TARGET = 18.2;
				MARKETING_VERSION = 1.0;
				PRODUCT_BUNDLE_IDENTIFIER = com.appetiser.codechallenge.AppetiserCodeChallengeTests;
				PRODUCT_NAME = "$(TARGET_NAME)";
				SWIFT_EMIT_LOC_STRINGS = NO;
				SWIFT_VERSION = 5.0;
				TARGETED_DEVICE_FAMILY = "1,2";
				TEST_HOST = "$(BUILT_PRODUCTS_DIR)/AppetiserCodeChallenge.app/$(BUNDLE_EXECUTABLE_FOLDER_PATH)/AppetiserCodeChallenge";
			};
			name = Release;
		};
		42A9F1CA2D74FBC500071B05 /* Debug */ = {
			isa = XCBuildConfiguration;
			buildSettings = {
				CODE_SIGN_STYLE = Automatic;
				CURRENT_PROJECT_VERSION = 1;
				DEVELOPMENT_TEAM = 445B9A8663;
				GENERATE_INFOPLIST_FILE = YES;
				MARKETING_VERSION = 1.0;
				PRODUCT_BUNDLE_IDENTIFIER = com.appetiser.codechallenge.AppetiserCodeChallengeUITests;
				PRODUCT_NAME = "$(TARGET_NAME)";
				SWIFT_EMIT_LOC_STRINGS = NO;
				SWIFT_VERSION = 5.0;
				TARGETED_DEVICE_FAMILY = "1,2";
				TEST_TARGET_NAME = AppetiserCodeChallenge;
			};
			name = Debug;
		};
		42A9F1CB2D74FBC500071B05 /* Release */ = {
			isa = XCBuildConfiguration;
			buildSettings = {
				CODE_SIGN_STYLE = Automatic;
				CURRENT_PROJECT_VERSION = 1;
				DEVELOPMENT_TEAM = 445B9A8663;
				GENERATE_INFOPLIST_FILE = YES;
				MARKETING_VERSION = 1.0;
				PRODUCT_BUNDLE_IDENTIFIER = com.appetiser.codechallenge.AppetiserCodeChallengeUITests;
				PRODUCT_NAME = "$(TARGET_NAME)";
				SWIFT_EMIT_LOC_STRINGS = NO;
				SWIFT_VERSION = 5.0;
				TARGETED_DEVICE_FAMILY = "1,2";
				TEST_TARGET_NAME = AppetiserCodeChallenge;
			};
			name = Release;
		};
/* End XCBuildConfiguration section */

/* Begin XCConfigurationList section */
		42A9F1932D74FBC300071B05 /* Build configuration list for PBXProject "AppetiserCodeChallenge" */ = {
			isa = XCConfigurationList;
			buildConfigurations = (
				42A9F1C42D74FBC500071B05 /* Debug */,
				42A9F1C52D74FBC500071B05 /* Release */,
			);
			defaultConfigurationIsVisible = 0;
			defaultConfigurationName = Release;
		};
		42A9F1C12D74FBC500071B05 /* Build configuration list for PBXNativeTarget "AppetiserCodeChallenge" */ = {
			isa = XCConfigurationList;
			buildConfigurations = (
				42A9F1C22D74FBC500071B05 /* Debug */,
				42A9F1C32D74FBC500071B05 /* Release */,
			);
			defaultConfigurationIsVisible = 0;
			defaultConfigurationName = Release;
		};
		42A9F1C62D74FBC500071B05 /* Build configuration list for PBXNativeTarget "AppetiserCodeChallengeTests" */ = {
			isa = XCConfigurationList;
			buildConfigurations = (
				42A9F1C72D74FBC500071B05 /* Debug */,
				42A9F1C82D74FBC500071B05 /* Release */,
			);
			defaultConfigurationIsVisible = 0;
			defaultConfigurationName = Release;
		};
		42A9F1C92D74FBC500071B05 /* Build configuration list for PBXNativeTarget "AppetiserCodeChallengeUITests" */ = {
			isa = XCConfigurationList;
			buildConfigurations = (
				42A9F1CA2D74FBC500071B05 /* Debug */,
				42A9F1CB2D74FBC500071B05 /* Release */,
			);
			defaultConfigurationIsVisible = 0;
			defaultConfigurationName = Release;
		};
/* End XCConfigurationList section */
	};
	rootObject = 42A9F1902D74FBC300071B05 /* Project object */;
}
